
Microsoft Visual Studio Solution File, Format Version 12.00
# Visual Studio Version 17
VisualStudioVersion = 17.7.34031.279
MinimumVisualStudioVersion = 10.0.40219.1
Project("{FAE04EC0-301F-11D3-BF4B-00C04F79EFBC}") = "Praktikaimt", "Praktikaimt.csproj", "{952DEC10-5031-432C-912E-72FB16E7746C}"
EndProject
Global
	GlobalSection(SolutionConfigurationPlatforms) = preSolution
		Debug|Any CPU = Debug|Any CPU
		Release|Any CPU = Release|Any CPU
	EndGlobalSection
	GlobalSection(ProjectConfigurationPlatforms) = postSolution
		{952DEC10-5031-432C-912E-72FB16E7746C}.Debug|Any CPU.ActiveCfg = Debug|Any CPU
		{952DEC10-5031-432C-912E-72FB16E7746C}.Debug|Any CPU.Build.0 = Debug|Any CPU
		{952DEC10-5031-432C-912E-72FB16E7746C}.Release|Any CPU.ActiveCfg = Release|Any CPU
		{952DEC10-5031-432C-912E-72FB16E7746C}.Release|Any CPU.Build.0 = Release|Any CPU
	EndGlobalSection
	GlobalSection(SolutionProperties) = preSolution
		HideSolutionNode = FALSE
	EndGlobalSection
	GlobalSection(ExtensibilityGlobals) = postSolution
		SolutionGuid = {E4F2B628-EBEC-4B4A-98A9-E2F34FF2BD38}
	EndGlobalSection
EndGlobal
