
Microsoft Visual Studio Solution File, Format Version 12.00
# Visual Studio Version 17
VisualStudioVersion = 17.7.34031.279
MinimumVisualStudioVersion = 10.0.40219.1
Project("{FAE04EC0-301F-11D3-BF4B-00C04F79EFBC}") = "Praktika", "Praktika.csproj", "{7F67F57D-40A7-42A6-AB76-ED5BF07CDF8E}"
EndProject
Global
	GlobalSection(SolutionConfigurationPlatforms) = preSolution
		Debug|Any CPU = Debug|Any CPU
		Release|Any CPU = Release|Any CPU
	EndGlobalSection
	GlobalSection(ProjectConfigurationPlatforms) = postSolution
		{7F67F57D-40A7-42A6-AB76-ED5BF07CDF8E}.Debug|Any CPU.ActiveCfg = Debug|Any CPU
		{7F67F57D-40A7-42A6-AB76-ED5BF07CDF8E}.Debug|Any CPU.Build.0 = Debug|Any CPU
		{7F67F57D-40A7-42A6-AB76-ED5BF07CDF8E}.Release|Any CPU.ActiveCfg = Release|Any CPU
		{7F67F57D-40A7-42A6-AB76-ED5BF07CDF8E}.Release|Any CPU.Build.0 = Release|Any CPU
	EndGlobalSection
	GlobalSection(SolutionProperties) = preSolution
		HideSolutionNode = FALSE
	EndGlobalSection
	GlobalSection(ExtensibilityGlobals) = postSolution
		SolutionGuid = {918270A6-90B3-4DA2-B33E-A74FA02930C8}
	EndGlobalSection
EndGlobal
